
Microsoft Visual Studio Solution File, Format Version 12.00
# Visual Studio Version 17
VisualStudioVersion = 17.11.35303.130
MinimumVisualStudioVersion = 10.0.40219.1
Project("{2150E333-8FDC-42A3-9474-1A3956D46DE8}") = "Task0", "Task0", "{7F61B9F6-AD72-408A-A59A-FAAC3EB264F2}"
EndProject
Project("{FAE04EC0-301F-11D3-BF4B-00C04F79EFBC}") = "Tyuiu.KalashnikovPI.Sprint1.Task0.V5", "Tyuiu.KalashnikovPI.Sprint1.Task0.V5\Tyuiu.KalashnikovPI.Sprint1.Task0.V5.csproj", "{362FCB9B-25AF-4EEA-9932-30CBFDBDF1B6}"
EndProject
Project("{FAE04EC0-301F-11D3-BF4B-00C04F79EFBC}") = "Tyuiu.KalashnikovPI.Sprint1.Task0.V5.Lib", "Tyuiu.KalashnikovPI.Sprint1.Task0.V5.Lib\Tyuiu.KalashnikovPI.Sprint1.Task0.V5.Lib.csproj", "{4099790E-DABF-41BC-8570-7F479906033D}"
EndProject
Project("{FAE04EC0-301F-11D3-BF4B-00C04F79EFBC}") = "Tyuiu.KalashnikovPI.Sprint1.Task0.V5.Test", "Tyuiu.KalashnikovPI.Sprint1.Task0.V5.Test\Tyuiu.KalashnikovPI.Sprint1.Task0.V5.Test.csproj", "{24A3FF73-F93E-4C35-B57D-BA8CB129CDDD}"
EndProject
Global
	GlobalSection(SolutionConfigurationPlatforms) = preSolution
		Debug|Any CPU = Debug|Any CPU
		Release|Any CPU = Release|Any CPU
	EndGlobalSection
	GlobalSection(ProjectConfigurationPlatforms) = postSolution
		{362FCB9B-25AF-4EEA-9932-30CBFDBDF1B6}.Debug|Any CPU.ActiveCfg = Debug|Any CPU
		{362FCB9B-25AF-4EEA-9932-30CBFDBDF1B6}.Debug|Any CPU.Build.0 = Debug|Any CPU
		{362FCB9B-25AF-4EEA-9932-30CBFDBDF1B6}.Release|Any CPU.ActiveCfg = Release|Any CPU
		{362FCB9B-25AF-4EEA-9932-30CBFDBDF1B6}.Release|Any CPU.Build.0 = Release|Any CPU
		{4099790E-DABF-41BC-8570-7F479906033D}.Debug|Any CPU.ActiveCfg = Debug|Any CPU
		{4099790E-DABF-41BC-8570-7F479906033D}.Debug|Any CPU.Build.0 = Debug|Any CPU
		{4099790E-DABF-41BC-8570-7F479906033D}.Release|Any CPU.ActiveCfg = Release|Any CPU
		{4099790E-DABF-41BC-8570-7F479906033D}.Release|Any CPU.Build.0 = Release|Any CPU
		{24A3FF73-F93E-4C35-B57D-BA8CB129CDDD}.Debug|Any CPU.ActiveCfg = Debug|Any CPU
		{24A3FF73-F93E-4C35-B57D-BA8CB129CDDD}.Debug|Any CPU.Build.0 = Debug|Any CPU
		{24A3FF73-F93E-4C35-B57D-BA8CB129CDDD}.Release|Any CPU.ActiveCfg = Release|Any CPU
		{24A3FF73-F93E-4C35-B57D-BA8CB129CDDD}.Release|Any CPU.Build.0 = Release|Any CPU
	EndGlobalSection
	GlobalSection(SolutionProperties) = preSolution
		HideSolutionNode = FALSE
	EndGlobalSection
	GlobalSection(NestedProjects) = preSolution
		{362FCB9B-25AF-4EEA-9932-30CBFDBDF1B6} = {7F61B9F6-AD72-408A-A59A-FAAC3EB264F2}
		{4099790E-DABF-41BC-8570-7F479906033D} = {7F61B9F6-AD72-408A-A59A-FAAC3EB264F2}
		{24A3FF73-F93E-4C35-B57D-BA8CB129CDDD} = {7F61B9F6-AD72-408A-A59A-FAAC3EB264F2}
	EndGlobalSection
	GlobalSection(ExtensibilityGlobals) = postSolution
		SolutionGuid = {61177551-74A2-4DAC-9477-2FA1E24E2096}
	EndGlobalSection
EndGlobal
